
Microsoft Visual Studio Solution File, Format Version 12.00
# Visual Studio 2012
Project("{FAE04EC0-301F-11D3-BF4B-00C04F79EFBC}") = "Tarea", "Consola\Tarea.csproj", "{453610C6-5621-41A1-AE01-BB9DD5E09476}"
EndProject
Global
	GlobalSection(SolutionConfigurationPlatforms) = preSolution
		Debug|Any CPU = Debug|Any CPU
		Release|Any CPU = Release|Any CPU
	EndGlobalSection
	GlobalSection(ProjectConfigurationPlatforms) = postSolution
		{453610C6-5621-41A1-AE01-BB9DD5E09476}.Debug|Any CPU.ActiveCfg = Debug|Any CPU
		{453610C6-5621-41A1-AE01-BB9DD5E09476}.Debug|Any CPU.Build.0 = Debug|Any CPU
		{453610C6-5621-41A1-AE01-BB9DD5E09476}.Release|Any CPU.ActiveCfg = Release|Any CPU
		{453610C6-5621-41A1-AE01-BB9DD5E09476}.Release|Any CPU.Build.0 = Release|Any CPU
	EndGlobalSection
	GlobalSection(SolutionProperties) = preSolution
		HideSolutionNode = FALSE
	EndGlobalSection
EndGlobal
